
Microsoft Visual Studio Solution File, Format Version 12.00
# Visual Studio Version 17
VisualStudioVersion = 17.14.36603.0
MinimumVisualStudioVersion = 10.0.40219.1
Project("{FAE04EC0-301F-11D3-BF4B-00C04F79EFBC}") = "Avalonia.Controls.DataGrid", "src\Avalonia.Controls.DataGrid\Avalonia.Controls.DataGrid.csproj", "{AAFEDBAD-2E68-4CAD-8C21-132B166C43C6}"
EndProject
Project("{2150E333-8FDC-42A3-9474-1A3956D46DE8}") = "Solution Items", "Solution Items", "{3ACF6285-9101-4A01-9C62-C2222FB8091C}"
	ProjectSection(SolutionItems) = preProject
		azure-pipelines.yml = azure-pipelines.yml
		Directory.Build.props = Directory.Build.props
		Directory.Packages.props = Directory.Packages.props
		licence.md = licence.md
		readme.md = readme.md
		build\SharedVersion.props = build\SharedVersion.props
	EndProjectSection
EndProject
Project("{FAE04EC0-301F-11D3-BF4B-00C04F79EFBC}") = "Avalonia.Controls.DataGrid.UnitTests", "src\Avalonia.Controls.DataGrid.UnitTests\Avalonia.Controls.DataGrid.UnitTests.csproj", "{91F13463-94A3-4635-96A2-EBB8A7D899DA}"
EndProject
Project("{FAE04EC0-301F-11D3-BF4B-00C04F79EFBC}") = "DataGridSample", "src\DataGridSample\DataGridSample.csproj", "{3F8265C6-4520-4E48-BFEC-F73E20F6EEDB}"
EndProject
Global
	GlobalSection(SolutionConfigurationPlatforms) = preSolution
		Debug|Any CPU = Debug|Any CPU
		Release|Any CPU = Release|Any CPU
	EndGlobalSection
	GlobalSection(ProjectConfigurationPlatforms) = postSolution
		{AAFEDBAD-2E68-4CAD-8C21-132B166C43C6}.Debug|Any CPU.ActiveCfg = Debug|Any CPU
		{AAFEDBAD-2E68-4CAD-8C21-132B166C43C6}.Debug|Any CPU.Build.0 = Debug|Any CPU
		{AAFEDBAD-2E68-4CAD-8C21-132B166C43C6}.Release|Any CPU.ActiveCfg = Release|Any CPU
		{AAFEDBAD-2E68-4CAD-8C21-132B166C43C6}.Release|Any CPU.Build.0 = Release|Any CPU
		{91F13463-94A3-4635-96A2-EBB8A7D899DA}.Debug|Any CPU.ActiveCfg = Debug|Any CPU
		{91F13463-94A3-4635-96A2-EBB8A7D899DA}.Debug|Any CPU.Build.0 = Debug|Any CPU
		{91F13463-94A3-4635-96A2-EBB8A7D899DA}.Release|Any CPU.ActiveCfg = Release|Any CPU
		{91F13463-94A3-4635-96A2-EBB8A7D899DA}.Release|Any CPU.Build.0 = Release|Any CPU
		{3F8265C6-4520-4E48-BFEC-F73E20F6EEDB}.Debug|Any CPU.ActiveCfg = Debug|Any CPU
		{3F8265C6-4520-4E48-BFEC-F73E20F6EEDB}.Debug|Any CPU.Build.0 = Debug|Any CPU
		{3F8265C6-4520-4E48-BFEC-F73E20F6EEDB}.Release|Any CPU.ActiveCfg = Release|Any CPU
		{3F8265C6-4520-4E48-BFEC-F73E20F6EEDB}.Release|Any CPU.Build.0 = Release|Any CPU
	EndGlobalSection
	GlobalSection(SolutionProperties) = preSolution
		HideSolutionNode = FALSE
	EndGlobalSection
	GlobalSection(ExtensibilityGlobals) = postSolution
		SolutionGuid = {B2E5AED1-5D70-414D-9FF0-AFF185AF70D6}
	EndGlobalSection
EndGlobal
